# This file was autogenerated by Stack.
# You should not edit this file by hand.
# For more information, please see the documentation at:
#   https://docs.haskellstack.org/en/stable/lock_files

packages:
- completed:
    hackage: bifunctors-5.6.2@sha256:ffd926ed71d6a046b7d5d92980d92269d7198e6b4768ffd33d120b44b88c2bbe,3332
    pantry-tree:
      sha256: 3d2720164578ae521708d3cca87290ec7e3d5f1c0b04e6e4e8bed98abbca19db
      size: 1466
  original:
    hackage: bifunctors-5.6.2
snapshots:
- completed:
    sha256: 2d580e973dc1a5ff70cd2bb1248613f835829b38eed5db5dafc3615a22cb1bcd
    size: 679292
    url: https://raw.githubusercontent.com/commercialhaskell/stackage-snapshots/master/lts/23/5.yaml
  original:
    url: https://raw.githubusercontent.com/commercialhaskell/stackage-snapshots/master/lts/23/5.yaml
